---
:runtime:
- org.javassist:javassist:jar:3.19.0-GA
- io.ratpack:ratpack-core:jar:1.4.1
- io.netty:netty-resolver:jar:4.1.4.Final
- com.google.inject:guice:jar:4.1.0
- io.dropwizard.metrics:metrics-annotation:jar:3.1.1
- io.netty:netty-common:jar:4.1.4.Final
- com.google.guava:guava:jar:19.0
- aopalliance:aopalliance:jar:1.0
- com.github.ben-manes.caffeine:caffeine:jar:2.3.1
- com.fasterxml.jackson.datatype:jackson-datatype-jdk8:jar:2.7.5
- com.google.inject.extensions:guice-multibindings:jar:4.1.0
- org.bouncycastle:bcprov-jdk15on:jar:1.54
- org.bouncycastle:bcpkix-jdk15on:jar:1.54
- io.netty:netty-buffer:jar:4.1.4.Final
- io.netty:netty-codec-http:jar:4.1.4.Final
- io.netty:netty-transport-native-epoll:jar:linux-x86_64:4.1.4.Final
- io.ratpack:ratpack-test:jar:1.4.1
- io.netty:netty-handler:jar:4.1.4.Final
- io.dropwizard.metrics:metrics-core:jar:3.1.1
- io.ratpack:ratpack-dropwizard-metrics:jar:1.4.1
- org.slf4j:slf4j-api:jar:1.7.21
- com.fasterxml.jackson.dataformat:jackson-dataformat-yaml:jar:2.7.5
- org.yaml:snakeyaml:jar:1.15
- javax.inject:javax.inject:jar:1
- com.fasterxml.jackson.core:jackson-annotations:jar:2.7.0
- org.slf4j:slf4j-simple:jar:1.7.10
- org.reactivestreams:reactive-streams:jar:1.0.0
- io.dropwizard.metrics:metrics-healthchecks:jar:3.1.1
- com.fasterxml.jackson.core:jackson-databind:jar:2.7.5
- com.fasterxml.jackson.datatype:jackson-datatype-guava:jar:2.7.5
- io.netty:netty-transport:jar:4.1.4.Final
- com.fasterxml.jackson.datatype:jackson-datatype-jsr310:jar:2.7.5
- io.ratpack:ratpack-guice:jar:1.4.1
- io.dropwizard.metrics:metrics-json:jar:3.1.1
- com.fasterxml.jackson.core:jackson-core:jar:2.7.5
- io.dropwizard.metrics:metrics-graphite:jar:3.1.1
- io.dropwizard.metrics:metrics-jvm:jar:3.1.1
- io.netty:netty-codec:jar:4.1.4.Final
